// !$*UTF8*$!
{
	archiveVersion = 1;
	classes = {
	};
	objectVersion = 56;
	objects = {

/* Begin PBXBuildFile section */
		182CF3952984D33400AA4142 /* .swiftlint.yml in Resources */ = {isa = PBXBuildFile; fileRef = 182CF3942984D33400AA4142 /* .swiftlint.yml */; };
		187A0632298FD5DC00888072 /* AppDelegate.swift in Sources */ = {isa = PBXBuildFile; fileRef = 2663447F2983D0DF00C8F0E0 /* AppDelegate.swift */; };
		187A0633298FD5DC00888072 /* SceneDelegate.swift in Sources */ = {isa = PBXBuildFile; fileRef = 266344812983D0DF00C8F0E0 /* SceneDelegate.swift */; };
		187A0634298FD5E200888072 /* AppRouter.swift in Sources */ = {isa = PBXBuildFile; fileRef = 187A0630298FD1AF00888072 /* AppRouter.swift */; };
		187A063B298FEB8900888072 /* Assets.xcassets in Resources */ = {isa = PBXBuildFile; fileRef = 266344882983D0E000C8F0E0 /* Assets.xcassets */; };
		187A063C298FEB8E00888072 /* LaunchScreen.storyboard in Resources */ = {isa = PBXBuildFile; fileRef = 182CF38B2984CF2D00AA4142 /* LaunchScreen.storyboard */; };
		18826672298DCB2E004BACF0 /* Shared.framework in Frameworks */ = {isa = PBXBuildFile; fileRef = 18826671298DCB2E004BACF0 /* Shared.framework */; };
		18826673298DCB2E004BACF0 /* Shared.framework in Embed Frameworks */ = {isa = PBXBuildFile; fileRef = 18826671298DCB2E004BACF0 /* Shared.framework */; settings = {ATTRIBUTES = (CodeSignOnCopy, RemoveHeadersOnCopy, ); }; };
		26B887E2298CFEEF00A24428 /* Home.framework in Frameworks */ = {isa = PBXBuildFile; fileRef = 26B887E1298CFEEF00A24428 /* Home.framework */; };
		26B887E3298CFEEF00A24428 /* Home.framework in Embed Frameworks */ = {isa = PBXBuildFile; fileRef = 26B887E1298CFEEF00A24428 /* Home.framework */; settings = {ATTRIBUTES = (CodeSignOnCopy, RemoveHeadersOnCopy, ); }; };
		26B887E6298CFEF400A24428 /* Detail.framework in Frameworks */ = {isa = PBXBuildFile; fileRef = 26B887E5298CFEF400A24428 /* Detail.framework */; };
		26B887E7298CFEF400A24428 /* Detail.framework in Embed Frameworks */ = {isa = PBXBuildFile; fileRef = 26B887E5298CFEF400A24428 /* Detail.framework */; settings = {ATTRIBUTES = (CodeSignOnCopy, RemoveHeadersOnCopy, ); }; };
		26B887E9298CFEFC00A24428 /* Favorite.framework in Frameworks */ = {isa = PBXBuildFile; fileRef = 26B887E8298CFEFC00A24428 /* Favorite.framework */; };
		26B887EA298CFEFC00A24428 /* Favorite.framework in Embed Frameworks */ = {isa = PBXBuildFile; fileRef = 26B887E8298CFEFC00A24428 /* Favorite.framework */; settings = {ATTRIBUTES = (CodeSignOnCopy, RemoveHeadersOnCopy, ); }; };
		26B887EC298CFF0600A24428 /* About.framework in Frameworks */ = {isa = PBXBuildFile; fileRef = 26B887EB298CFF0600A24428 /* About.framework */; };
		26B887ED298CFF0600A24428 /* About.framework in Embed Frameworks */ = {isa = PBXBuildFile; fileRef = 26B887EB298CFF0600A24428 /* About.framework */; settings = {ATTRIBUTES = (CodeSignOnCopy, RemoveHeadersOnCopy, ); }; };
		E3D60A66CCD931449F704D83 /* Pods_AnimeApp.framework in Frameworks */ = {isa = PBXBuildFile; fileRef = F6EFFA07CDA524F60B7A832F /* Pods_AnimeApp.framework */; };
/* End PBXBuildFile section */

/* Begin PBXCopyFilesBuildPhase section */
		26B887E4298CFEEF00A24428 /* Embed Frameworks */ = {
			isa = PBXCopyFilesBuildPhase;
			buildActionMask = 2147483647;
			dstPath = "";
			dstSubfolderSpec = 10;
			files = (
				18826673298DCB2E004BACF0 /* Shared.framework in Embed Frameworks */,
				26B887EA298CFEFC00A24428 /* Favorite.framework in Embed Frameworks */,
				26B887E3298CFEEF00A24428 /* Home.framework in Embed Frameworks */,
				26B887ED298CFF0600A24428 /* About.framework in Embed Frameworks */,
				26B887E7298CFEF400A24428 /* Detail.framework in Embed Frameworks */,
			);
			name = "Embed Frameworks";
			runOnlyForDeploymentPostprocessing = 0;
		};
/* End PBXCopyFilesBuildPhase section */

/* Begin PBXFileReference section */
		182CF38B2984CF2D00AA4142 /* LaunchScreen.storyboard */ = {isa = PBXFileReference; lastKnownFileType = file.storyboard; name = LaunchScreen.storyboard; path = AnimeApp/Module/Splash/LaunchScreen.storyboard; sourceTree = SOURCE_ROOT; };
		182CF3942984D33400AA4142 /* .swiftlint.yml */ = {isa = PBXFileReference; lastKnownFileType = text.yaml; path = .swiftlint.yml; sourceTree = "<group>"; };
		187A0630298FD1AF00888072 /* AppRouter.swift */ = {isa = PBXFileReference; lastKnownFileType = sourcecode.swift; name = AppRouter.swift; path = AnimeApp/Router/AppRouter.swift; sourceTree = SOURCE_ROOT; };
		18826671298DCB2E004BACF0 /* Shared.framework */ = {isa = PBXFileReference; explicitFileType = wrapper.framework; path = Shared.framework; sourceTree = BUILT_PRODUCTS_DIR; };
		2663447C2983D0DF00C8F0E0 /* AnimeApp.app */ = {isa = PBXFileReference; explicitFileType = wrapper.application; includeInIndex = 0; path = AnimeApp.app; sourceTree = BUILT_PRODUCTS_DIR; };
		2663447F2983D0DF00C8F0E0 /* AppDelegate.swift */ = {isa = PBXFileReference; lastKnownFileType = sourcecode.swift; name = AppDelegate.swift; path = AnimeApp/Router/App/AppDelegate.swift; sourceTree = SOURCE_ROOT; };
		266344812983D0DF00C8F0E0 /* SceneDelegate.swift */ = {isa = PBXFileReference; lastKnownFileType = sourcecode.swift; name = SceneDelegate.swift; path = AnimeApp/Router/App/SceneDelegate.swift; sourceTree = SOURCE_ROOT; };
		266344882983D0E000C8F0E0 /* Assets.xcassets */ = {isa = PBXFileReference; lastKnownFileType = folder.assetcatalog; path = Assets.xcassets; sourceTree = "<group>"; };
		2663448D2983D0E000C8F0E0 /* Info.plist */ = {isa = PBXFileReference; lastKnownFileType = text.plist.xml; path = Info.plist; sourceTree = "<group>"; };
		26B886DE298CF00500A24428 /* Core.framework */ = {isa = PBXFileReference; explicitFileType = wrapper.framework; path = Core.framework; sourceTree = BUILT_PRODUCTS_DIR; };
		26B887E1298CFEEF00A24428 /* Home.framework */ = {isa = PBXFileReference; explicitFileType = wrapper.framework; path = Home.framework; sourceTree = BUILT_PRODUCTS_DIR; };
		26B887E5298CFEF400A24428 /* Detail.framework */ = {isa = PBXFileReference; explicitFileType = wrapper.framework; path = Detail.framework; sourceTree = BUILT_PRODUCTS_DIR; };
		26B887E8298CFEFC00A24428 /* Favorite.framework */ = {isa = PBXFileReference; explicitFileType = wrapper.framework; path = Favorite.framework; sourceTree = BUILT_PRODUCTS_DIR; };
		26B887EB298CFF0600A24428 /* About.framework */ = {isa = PBXFileReference; explicitFileType = wrapper.framework; path = About.framework; sourceTree = BUILT_PRODUCTS_DIR; };
		5252EC54C5A4CE4A8A59A064 /* Pods-AnimeApp.debug.xcconfig */ = {isa = PBXFileReference; includeInIndex = 1; lastKnownFileType = text.xcconfig; name = "Pods-AnimeApp.debug.xcconfig"; path = "Target Support Files/Pods-AnimeApp/Pods-AnimeApp.debug.xcconfig"; sourceTree = "<group>"; };
		5DB4B20BEFA74E1B61DA4DCF /* Pods-AnimeApp.release.xcconfig */ = {isa = PBXFileReference; includeInIndex = 1; lastKnownFileType = text.xcconfig; name = "Pods-AnimeApp.release.xcconfig"; path = "Target Support Files/Pods-AnimeApp/Pods-AnimeApp.release.xcconfig"; sourceTree = "<group>"; };
		F6EFFA07CDA524F60B7A832F /* Pods_AnimeApp.framework */ = {isa = PBXFileReference; explicitFileType = wrapper.framework; includeInIndex = 0; path = Pods_AnimeApp.framework; sourceTree = BUILT_PRODUCTS_DIR; };
/* End PBXFileReference section */

/* Begin PBXFrameworksBuildPhase section */
		266344792983D0DF00C8F0E0 /* Frameworks */ = {
			isa = PBXFrameworksBuildPhase;
			buildActionMask = 2147483647;
			files = (
				E3D60A66CCD931449F704D83 /* Pods_AnimeApp.framework in Frameworks */,
				18826672298DCB2E004BACF0 /* Shared.framework in Frameworks */,
				26B887E2298CFEEF00A24428 /* Home.framework in Frameworks */,
				26B887E9298CFEFC00A24428 /* Favorite.framework in Frameworks */,
				26B887EC298CFF0600A24428 /* About.framework in Frameworks */,
				26B887E6298CFEF400A24428 /* Detail.framework in Frameworks */,
			);
			runOnlyForDeploymentPostprocessing = 0;
		};
/* End PBXFrameworksBuildPhase section */

/* Begin PBXGroup section */
		182CF3852984CDEE00AA4142 /* Support File */ = {
			isa = PBXGroup;
			children = (
				266344882983D0E000C8F0E0 /* Assets.xcassets */,
				2663448D2983D0E000C8F0E0 /* Info.plist */,
			);
			path = "Support File";
			sourceTree = "<group>";
		};
		182CF3862984CE0100AA4142 /* App */ = {
			isa = PBXGroup;
			children = (
				2663447F2983D0DF00C8F0E0 /* AppDelegate.swift */,
				266344812983D0DF00C8F0E0 /* SceneDelegate.swift */,
			);
			name = App;
			path = Router/App;
			sourceTree = "<group>";
		};
		182CF3882984CEAA00AA4142 /* Module */ = {
			isa = PBXGroup;
			children = (
				182CF38A2984CF1C00AA4142 /* Splash */,
			);
			path = Module;
			sourceTree = "<group>";
		};
		182CF38A2984CF1C00AA4142 /* Splash */ = {
			isa = PBXGroup;
			children = (
				182CF38B2984CF2D00AA4142 /* LaunchScreen.storyboard */,
			);
			path = Splash;
			sourceTree = "<group>";
		};
		187A062F298FD1A300888072 /* Router */ = {
			isa = PBXGroup;
			children = (
				187A0630298FD1AF00888072 /* AppRouter.swift */,
			);
			path = Router;
			sourceTree = "<group>";
		};
		266344732983D0DF00C8F0E0 = {
			isa = PBXGroup;
			children = (
				182CF3942984D33400AA4142 /* .swiftlint.yml */,
				2663447E2983D0DF00C8F0E0 /* AnimeApp */,
				2663447D2983D0DF00C8F0E0 /* Products */,
				E5021784549A92A955EABB18 /* Pods */,
				303CD22D1785C624D0E1B82D /* Frameworks */,
			);
			sourceTree = "<group>";
		};
		2663447D2983D0DF00C8F0E0 /* Products */ = {
			isa = PBXGroup;
			children = (
				2663447C2983D0DF00C8F0E0 /* AnimeApp.app */,
			);
			name = Products;
			sourceTree = "<group>";
		};
		2663447E2983D0DF00C8F0E0 /* AnimeApp */ = {
			isa = PBXGroup;
			children = (
				182CF3862984CE0100AA4142 /* App */,
				187A062F298FD1A300888072 /* Router */,
				182CF3882984CEAA00AA4142 /* Module */,
				182CF3852984CDEE00AA4142 /* Support File */,
			);
			name = AnimeApp;
			path = "/Users/apple/Documents/dicoding/ios-expert/dicoding-ios-expert/App/AnimeApp";
			sourceTree = "<absolute>";
		};
		303CD22D1785C624D0E1B82D /* Frameworks */ = {
			isa = PBXGroup;
			children = (
				18826671298DCB2E004BACF0 /* Shared.framework */,
				26B887EB298CFF0600A24428 /* About.framework */,
				26B887E8298CFEFC00A24428 /* Favorite.framework */,
				26B887E5298CFEF400A24428 /* Detail.framework */,
				26B887E1298CFEEF00A24428 /* Home.framework */,
				26B886DE298CF00500A24428 /* Core.framework */,
				F6EFFA07CDA524F60B7A832F /* Pods_AnimeApp.framework */,
			);
			name = Frameworks;
			sourceTree = "<group>";
		};
		E5021784549A92A955EABB18 /* Pods */ = {
			isa = PBXGroup;
			children = (
				5252EC54C5A4CE4A8A59A064 /* Pods-AnimeApp.debug.xcconfig */,
				5DB4B20BEFA74E1B61DA4DCF /* Pods-AnimeApp.release.xcconfig */,
			);
			path = Pods;
			sourceTree = "<group>";
		};
/* End PBXGroup section */

/* Begin PBXNativeTarget section */
		2663447B2983D0DF00C8F0E0 /* AnimeApp */ = {
			isa = PBXNativeTarget;
			buildConfigurationList = 266344902983D0E000C8F0E0 /* Build configuration list for PBXNativeTarget "AnimeApp" */;
			buildPhases = (
				7CAAE386BF0FB45ED49BE487 /* [CP] Check Pods Manifest.lock */,
				266344782983D0DF00C8F0E0 /* Sources */,
				266344792983D0DF00C8F0E0 /* Frameworks */,
				2663447A2983D0DF00C8F0E0 /* Resources */,
				182CF3932984D2EE00AA4142 /* ShellScript */,
				26B887E4298CFEEF00A24428 /* Embed Frameworks */,
			);
			buildRules = (
			);
			dependencies = (
			);
			name = AnimeApp;
			productName = AnimeApp;
			productReference = 2663447C2983D0DF00C8F0E0 /* AnimeApp.app */;
			productType = "com.apple.product-type.application";
		};
/* End PBXNativeTarget section */

/* Begin PBXProject section */
		266344742983D0DF00C8F0E0 /* Project object */ = {
			isa = PBXProject;
			attributes = {
				BuildIndependentTargetsInParallel = 1;
				LastSwiftUpdateCheck = 1420;
				LastUpgradeCheck = 1420;
				TargetAttributes = {
					2663447B2983D0DF00C8F0E0 = {
						CreatedOnToolsVersion = 14.2;
					};
				};
			};
			buildConfigurationList = 266344772983D0DF00C8F0E0 /* Build configuration list for PBXProject "AnimeApp" */;
			compatibilityVersion = "Xcode 14.0";
			developmentRegion = en;
			hasScannedForEncodings = 0;
			knownRegions = (
				en,
				Base,
			);
			mainGroup = 266344732983D0DF00C8F0E0;
			productRefGroup = 2663447D2983D0DF00C8F0E0 /* Products */;
			projectDirPath = "";
			projectRoot = "";
			targets = (
				2663447B2983D0DF00C8F0E0 /* AnimeApp */,
			);
		};
/* End PBXProject section */

/* Begin PBXResourcesBuildPhase section */
		2663447A2983D0DF00C8F0E0 /* Resources */ = {
			isa = PBXResourcesBuildPhase;
			buildActionMask = 2147483647;
			files = (
				187A063C298FEB8E00888072 /* LaunchScreen.storyboard in Resources */,
				187A063B298FEB8900888072 /* Assets.xcassets in Resources */,
				182CF3952984D33400AA4142 /* .swiftlint.yml in Resources */,
			);
			runOnlyForDeploymentPostprocessing = 0;
		};
/* End PBXResourcesBuildPhase section */

/* Begin PBXShellScriptBuildPhase section */
		182CF3932984D2EE00AA4142 /* ShellScript */ = {
			isa = PBXShellScriptBuildPhase;
			buildActionMask = 2147483647;
			files = (
			);
			inputFileListPaths = (
			);
			inputPaths = (
			);
			outputFileListPaths = (
			);
			outputPaths = (
			);
			runOnlyForDeploymentPostprocessing = 0;
			shellPath = /bin/sh;
			shellScript = "# Type a script or drag a script file from your workspace to insert its path.\nif which swiftlint >/dev/null; then \n    swiftlint 'AnimeApp'\nelse \n    echo \"warning: SwiftLint not installed, download from https://github.com/realm/SwiftLint\" \nfi\n";
		};
		7CAAE386BF0FB45ED49BE487 /* [CP] Check Pods Manifest.lock */ = {
			isa = PBXShellScriptBuildPhase;
			buildActionMask = 2147483647;
			files = (
			);
			inputFileListPaths = (
			);
			inputPaths = (
				"${PODS_PODFILE_DIR_PATH}/Podfile.lock",
				"${PODS_ROOT}/Manifest.lock",
			);
			name = "[CP] Check Pods Manifest.lock";
			outputFileListPaths = (
			);
			outputPaths = (
				"$(DERIVED_FILE_DIR)/Pods-AnimeApp-checkManifestLockResult.txt",
			);
			runOnlyForDeploymentPostprocessing = 0;
			shellPath = /bin/sh;
			shellScript = "diff \"${PODS_PODFILE_DIR_PATH}/Podfile.lock\" \"${PODS_ROOT}/Manifest.lock\" > /dev/null\nif [ $? != 0 ] ; then\n    # print error to STDERR\n    echo \"error: The sandbox is not in sync with the Podfile.lock. Run 'pod install' or update your CocoaPods installation.\" >&2\n    exit 1\nfi\n# This output is used by Xcode 'outputs' to avoid re-running this script phase.\necho \"SUCCESS\" > \"${SCRIPT_OUTPUT_FILE_0}\"\n";
			showEnvVarsInLog = 0;
		};
/* End PBXShellScriptBuildPhase section */

/* Begin PBXSourcesBuildPhase section */
		266344782983D0DF00C8F0E0 /* Sources */ = {
			isa = PBXSourcesBuildPhase;
			buildActionMask = 2147483647;
			files = (
				187A0634298FD5E200888072 /* AppRouter.swift in Sources */,
				187A0632298FD5DC00888072 /* AppDelegate.swift in Sources */,
				187A0633298FD5DC00888072 /* SceneDelegate.swift in Sources */,
			);
			runOnlyForDeploymentPostprocessing = 0;
		};
/* End PBXSourcesBuildPhase section */

/* Begin XCBuildConfiguration section */
		2663448E2983D0E000C8F0E0 /* Debug */ = {
			isa = XCBuildConfiguration;
			buildSettings = {
				ALWAYS_SEARCH_USER_PATHS = NO;
				CLANG_ANALYZER_NONNULL = YES;
				CLANG_ANALYZER_NUMBER_OBJECT_CONVERSION = YES_AGGRESSIVE;
				CLANG_CXX_LANGUAGE_STANDARD = "gnu++20";
				CLANG_ENABLE_MODULES = YES;
				CLANG_ENABLE_OBJC_ARC = YES;
				CLANG_ENABLE_OBJC_WEAK = YES;
				CLANG_WARN_BLOCK_CAPTURE_AUTORELEASING = YES;
				CLANG_WARN_BOOL_CONVERSION = YES;
				CLANG_WARN_COMMA = YES;
				CLANG_WARN_CONSTANT_CONVERSION = YES;
				CLANG_WARN_DEPRECATED_OBJC_IMPLEMENTATIONS = YES;
				CLANG_WARN_DIRECT_OBJC_ISA_USAGE = YES_ERROR;
				CLANG_WARN_DOCUMENTATION_COMMENTS = YES;
				CLANG_WARN_EMPTY_BODY = YES;
				CLANG_WARN_ENUM_CONVERSION = YES;
				CLANG_WARN_INFINITE_RECURSION = YES;
				CLANG_WARN_INT_CONVERSION = YES;
				CLANG_WARN_NON_LITERAL_NULL_CONVERSION = YES;
				CLANG_WARN_OBJC_IMPLICIT_RETAIN_SELF = YES;
				CLANG_WARN_OBJC_LITERAL_CONVERSION = YES;
				CLANG_WARN_OBJC_ROOT_CLASS = YES_ERROR;
				CLANG_WARN_QUOTED_INCLUDE_IN_FRAMEWORK_HEADER = YES;
				CLANG_WARN_RANGE_LOOP_ANALYSIS = YES;
				CLANG_WARN_STRICT_PROTOTYPES = YES;
				CLANG_WARN_SUSPICIOUS_MOVE = YES;
				CLANG_WARN_UNGUARDED_AVAILABILITY = YES_AGGRESSIVE;
				CLANG_WARN_UNREACHABLE_CODE = YES;
				CLANG_WARN__DUPLICATE_METHOD_MATCH = YES;
				COPY_PHASE_STRIP = NO;
				DEBUG_INFORMATION_FORMAT = dwarf;
				ENABLE_STRICT_OBJC_MSGSEND = YES;
				ENABLE_TESTABILITY = YES;
				GCC_C_LANGUAGE_STANDARD = gnu11;
				GCC_DYNAMIC_NO_PIC = NO;
				GCC_NO_COMMON_BLOCKS = YES;
				GCC_OPTIMIZATION_LEVEL = 0;
				GCC_PREPROCESSOR_DEFINITIONS = (
					"DEBUG=1",
					"$(inherited)",
				);
				GCC_WARN_64_TO_32_BIT_CONVERSION = YES;
				GCC_WARN_ABOUT_RETURN_TYPE = YES_ERROR;
				GCC_WARN_UNDECLARED_SELECTOR = YES;
				GCC_WARN_UNINITIALIZED_AUTOS = YES_AGGRESSIVE;
				GCC_WARN_UNUSED_FUNCTION = YES;
				GCC_WARN_UNUSED_VARIABLE = YES;
				IPHONEOS_DEPLOYMENT_TARGET = 16.2;
				MTL_ENABLE_DEBUG_INFO = INCLUDE_SOURCE;
				MTL_FAST_MATH = YES;
				ONLY_ACTIVE_ARCH = YES;
				SDKROOT = iphoneos;
				SWIFT_ACTIVE_COMPILATION_CONDITIONS = DEBUG;
				SWIFT_OPTIMIZATION_LEVEL = "-Onone";
			};
			name = Debug;
		};
		2663448F2983D0E000C8F0E0 /* Release */ = {
			isa = XCBuildConfiguration;
			buildSettings = {
				ALWAYS_SEARCH_USER_PATHS = NO;
				CLANG_ANALYZER_NONNULL = YES;
				CLANG_ANALYZER_NUMBER_OBJECT_CONVERSION = YES_AGGRESSIVE;
				CLANG_CXX_LANGUAGE_STANDARD = "gnu++20";
				CLANG_ENABLE_MODULES = YES;
				CLANG_ENABLE_OBJC_ARC = YES;
				CLANG_ENABLE_OBJC_WEAK = YES;
				CLANG_WARN_BLOCK_CAPTURE_AUTORELEASING = YES;
				CLANG_WARN_BOOL_CONVERSION = YES;
				CLANG_WARN_COMMA = YES;
				CLANG_WARN_CONSTANT_CONVERSION = YES;
				CLANG_WARN_DEPRECATED_OBJC_IMPLEMENTATIONS = YES;
				CLANG_WARN_DIRECT_OBJC_ISA_USAGE = YES_ERROR;
				CLANG_WARN_DOCUMENTATION_COMMENTS = YES;
				CLANG_WARN_EMPTY_BODY = YES;
				CLANG_WARN_ENUM_CONVERSION = YES;
				CLANG_WARN_INFINITE_RECURSION = YES;
				CLANG_WARN_INT_CONVERSION = YES;
				CLANG_WARN_NON_LITERAL_NULL_CONVERSION = YES;
				CLANG_WARN_OBJC_IMPLICIT_RETAIN_SELF = YES;
				CLANG_WARN_OBJC_LITERAL_CONVERSION = YES;
				CLANG_WARN_OBJC_ROOT_CLASS = YES_ERROR;
				CLANG_WARN_QUOTED_INCLUDE_IN_FRAMEWORK_HEADER = YES;
				CLANG_WARN_RANGE_LOOP_ANALYSIS = YES;
				CLANG_WARN_STRICT_PROTOTYPES = YES;
				CLANG_WARN_SUSPICIOUS_MOVE = YES;
				CLANG_WARN_UNGUARDED_AVAILABILITY = YES_AGGRESSIVE;
				CLANG_WARN_UNREACHABLE_CODE = YES;
				CLANG_WARN__DUPLICATE_METHOD_MATCH = YES;
				COPY_PHASE_STRIP = NO;
				DEBUG_INFORMATION_FORMAT = "dwarf-with-dsym";
				ENABLE_NS_ASSERTIONS = NO;
				ENABLE_STRICT_OBJC_MSGSEND = YES;
				GCC_C_LANGUAGE_STANDARD = gnu11;
				GCC_NO_COMMON_BLOCKS = YES;
				GCC_WARN_64_TO_32_BIT_CONVERSION = YES;
				GCC_WARN_ABOUT_RETURN_TYPE = YES_ERROR;
				GCC_WARN_UNDECLARED_SELECTOR = YES;
				GCC_WARN_UNINITIALIZED_AUTOS = YES_AGGRESSIVE;
				GCC_WARN_UNUSED_FUNCTION = YES;
				GCC_WARN_UNUSED_VARIABLE = YES;
				IPHONEOS_DEPLOYMENT_TARGET = 16.2;
				MTL_ENABLE_DEBUG_INFO = NO;
				MTL_FAST_MATH = YES;
				SDKROOT = iphoneos;
				SWIFT_COMPILATION_MODE = wholemodule;
				SWIFT_OPTIMIZATION_LEVEL = "-O";
				VALIDATE_PRODUCT = YES;
			};
			name = Release;
		};
		266344912983D0E000C8F0E0 /* Debug */ = {
			isa = XCBuildConfiguration;
			baseConfigurationReference = 5252EC54C5A4CE4A8A59A064 /* Pods-AnimeApp.debug.xcconfig */;
			buildSettings = {
				ASSETCATALOG_COMPILER_ALTERNATE_APPICON_NAMES = "";
				ASSETCATALOG_COMPILER_APPICON_NAME = AppIcon;
				ASSETCATALOG_COMPILER_GLOBAL_ACCENT_COLOR_NAME = AccentColor;
				CODE_SIGN_STYLE = Automatic;
				CURRENT_PROJECT_VERSION = 1;
				GENERATE_INFOPLIST_FILE = YES;
				INFOPLIST_FILE = "AnimeApp/Support File/Info.plist";
				INFOPLIST_KEY_UIApplicationSupportsIndirectInputEvents = YES;
				INFOPLIST_KEY_UILaunchStoryboardName = LaunchScreen;
				INFOPLIST_KEY_UISupportedInterfaceOrientations = UIInterfaceOrientationPortrait;
				INFOPLIST_KEY_UISupportedInterfaceOrientations_iPad = "UIInterfaceOrientationLandscapeLeft UIInterfaceOrientationLandscapeRight UIInterfaceOrientationPortrait UIInterfaceOrientationPortraitUpsideDown";
				IPHONEOS_DEPLOYMENT_TARGET = 16.2;
				LD_RUNPATH_SEARCH_PATHS = (
					"$(inherited)",
					"@executable_path/Frameworks",
				);
				MARKETING_VERSION = 1.0;
				PRODUCT_BUNDLE_IDENTIFIER = com.codetron.AnimeApp;
				PRODUCT_NAME = "$(TARGET_NAME)";
				SUPPORTED_PLATFORMS = "iphoneos iphonesimulator";
				SUPPORTS_MACCATALYST = NO;
				SUPPORTS_MAC_DESIGNED_FOR_IPHONE_IPAD = NO;
				SWIFT_EMIT_LOC_STRINGS = YES;
				SWIFT_VERSION = 5.0;
				TARGETED_DEVICE_FAMILY = 1;
			};
			name = Debug;
		};
		266344922983D0E000C8F0E0 /* Release */ = {
			isa = XCBuildConfiguration;
			baseConfigurationReference = 5DB4B20BEFA74E1B61DA4DCF /* Pods-AnimeApp.release.xcconfig */;
			buildSettings = {
				ASSETCATALOG_COMPILER_ALTERNATE_APPICON_NAMES = "";
				ASSETCATALOG_COMPILER_APPICON_NAME = AppIcon;
				ASSETCATALOG_COMPILER_GLOBAL_ACCENT_COLOR_NAME = AccentColor;
				CODE_SIGN_STYLE = Automatic;
				CURRENT_PROJECT_VERSION = 1;
				GENERATE_INFOPLIST_FILE = YES;
				INFOPLIST_FILE = "AnimeApp/Support File/Info.plist";
				INFOPLIST_KEY_UIApplicationSupportsIndirectInputEvents = YES;
				INFOPLIST_KEY_UILaunchStoryboardName = LaunchScreen;
				INFOPLIST_KEY_UISupportedInterfaceOrientations = UIInterfaceOrientationPortrait;
				INFOPLIST_KEY_UISupportedInterfaceOrientations_iPad = "UIInterfaceOrientationLandscapeLeft UIInterfaceOrientationLandscapeRight UIInterfaceOrientationPortrait UIInterfaceOrientationPortraitUpsideDown";
				IPHONEOS_DEPLOYMENT_TARGET = 16.2;
				LD_RUNPATH_SEARCH_PATHS = (
					"$(inherited)",
					"@executable_path/Frameworks",
				);
				MARKETING_VERSION = 1.0;
				PRODUCT_BUNDLE_IDENTIFIER = com.codetron.AnimeApp;
				PRODUCT_NAME = "$(TARGET_NAME)";
				SUPPORTED_PLATFORMS = "iphoneos iphonesimulator";
				SUPPORTS_MACCATALYST = NO;
				SUPPORTS_MAC_DESIGNED_FOR_IPHONE_IPAD = NO;
				SWIFT_EMIT_LOC_STRINGS = YES;
				SWIFT_VERSION = 5.0;
				TARGETED_DEVICE_FAMILY = 1;
			};
			name = Release;
		};
/* End XCBuildConfiguration section */

/* Begin XCConfigurationList section */
		266344772983D0DF00C8F0E0 /* Build configuration list for PBXProject "AnimeApp" */ = {
			isa = XCConfigurationList;
			buildConfigurations = (
				2663448E2983D0E000C8F0E0 /* Debug */,
				2663448F2983D0E000C8F0E0 /* Release */,
			);
			defaultConfigurationIsVisible = 0;
			defaultConfigurationName = Release;
		};
		266344902983D0E000C8F0E0 /* Build configuration list for PBXNativeTarget "AnimeApp" */ = {
			isa = XCConfigurationList;
			buildConfigurations = (
				266344912983D0E000C8F0E0 /* Debug */,
				266344922983D0E000C8F0E0 /* Release */,
			);
			defaultConfigurationIsVisible = 0;
			defaultConfigurationName = Release;
		};
/* End XCConfigurationList section */
	};
	rootObject = 266344742983D0DF00C8F0E0 /* Project object */;
}
