PODS:
  - Alamofire (5.6.4)
  - Core (5.0.0)
  - Realm (10.34.1):
    - Realm/Headers (= 10.34.1)
  - Realm/Headers (10.34.1)
  - RealmSwift (10.34.1):
    - Realm (= 10.34.1)
  - RxSwift (6.5.0)
  - SDWebImage (5.15.0):
    - SDWebImage/Core (= 5.15.0)
  - SDWebImage/Core (5.15.0)
  - SwiftLint (0.50.3)

DEPENDENCIES:
  - Alamofire
  - Core
  - RealmSwift (~> 10)
  - RxSwift
  - SDWebImage
  - SwiftLint

SPEC REPOS:
  https://github.com/CocoaPods/Specs.git:
    - Alamofire
    - Realm
    - RealmSwift
    - RxSwift
    - SDWebImage
    - SwiftLint
  https://github.com/codetron21/Modularization-CorePodSpecs-Module.git:
    - Core

SPEC CHECKSUMS:
  Alamofire: 4e95d97098eacb88856099c4fc79b526a299e48c
  Core: 5def0b2ffb5f733b61e20fcc0a93aea4daa206cf
  Realm: fe824cd5b183cd55a50a6bcb4bce3ac1650e60b6
  RealmSwift: c7f668f82982fc8b62366b78b8dc761f15141df6
  RxSwift: 5710a9e6b17f3c3d6e40d6e559b9fa1e813b2ef8
  SDWebImage: 9bec4c5cdd9579e1f57104735ee0c37df274d593
  SwiftLint: 77f7cb2b9bb81ab4a12fcc86448ba3f11afa50c6

PODFILE CHECKSUM: 91c93a4da1717c050e35d489f8e795334c2d8d04

COCOAPODS: 1.11.3
