// !$*UTF8*$!
{
	archiveVersion = 1;
	classes = {
	};
	objectVersion = 56;
	objects = {

/* Begin PBXBuildFile section */
		1806A333298F327100EDCF61 /* Core.framework in Frameworks */ = {isa = PBXBuildFile; fileRef = 1806A332298F327100EDCF61 /* Core.framework */; };
		1806A334298F327100EDCF61 /* Core.framework in Embed Frameworks */ = {isa = PBXBuildFile; fileRef = 1806A332298F327100EDCF61 /* Core.framework */; settings = {ATTRIBUTES = (CodeSignOnCopy, RemoveHeadersOnCopy, ); }; };
		18298B81298E76650079C434 /* AnimeEntity.swift in Sources */ = {isa = PBXBuildFile; fileRef = 18298B80298E76650079C434 /* AnimeEntity.swift */; };
		183528B6298E069400A425FE /* AnimeMapper.swift in Sources */ = {isa = PBXBuildFile; fileRef = 183528B5298E069400A425FE /* AnimeMapper.swift */; };
		183528BE298E079900A425FE /* Injection.swift in Sources */ = {isa = PBXBuildFile; fileRef = 183528BD298E079900A425FE /* Injection.swift */; };
		183528DA298E0BB400A425FE /* RemoteDataSource.swift in Sources */ = {isa = PBXBuildFile; fileRef = 183528D9298E0BB400A425FE /* RemoteDataSource.swift */; };
		183528DE298E0C4B00A425FE /* DetailAnimeResponse.swift in Sources */ = {isa = PBXBuildFile; fileRef = 183528DD298E0C4B00A425FE /* DetailAnimeResponse.swift */; };
		183528EA298E138900A425FE /* LocaleDataSource.swift in Sources */ = {isa = PBXBuildFile; fileRef = 183528E9298E138900A425FE /* LocaleDataSource.swift */; };
		1882667D298DD46D004BACF0 /* DetailInteractor.swift in Sources */ = {isa = PBXBuildFile; fileRef = 1882667C298DD46D004BACF0 /* DetailInteractor.swift */; };
		18826681298DD47B004BACF0 /* DetailViewController.swift in Sources */ = {isa = PBXBuildFile; fileRef = 1882667E298DD47B004BACF0 /* DetailViewController.swift */; };
		18826682298DD47B004BACF0 /* DetailModuleBuilder.swift in Sources */ = {isa = PBXBuildFile; fileRef = 1882667F298DD47B004BACF0 /* DetailModuleBuilder.swift */; };
		18826683298DD47B004BACF0 /* DetailPresenter.swift in Sources */ = {isa = PBXBuildFile; fileRef = 18826680298DD47B004BACF0 /* DetailPresenter.swift */; };
		18826690298DD840004BACF0 /* AnimeRepository.swift in Sources */ = {isa = PBXBuildFile; fileRef = 1882668F298DD840004BACF0 /* AnimeRepository.swift */; };
		18F3BB5A298DFF5D00EBA6D2 /* DetailAnimeModel.swift in Sources */ = {isa = PBXBuildFile; fileRef = 18F3BB59298DFF5D00EBA6D2 /* DetailAnimeModel.swift */; };
		18F3BB6A298E041300EBA6D2 /* Shared.framework in Frameworks */ = {isa = PBXBuildFile; fileRef = 18F3BB69298E041300EBA6D2 /* Shared.framework */; };
		18F3BB6B298E041300EBA6D2 /* Shared.framework in Embed Frameworks */ = {isa = PBXBuildFile; fileRef = 18F3BB69298E041300EBA6D2 /* Shared.framework */; settings = {ATTRIBUTES = (CodeSignOnCopy, RemoveHeadersOnCopy, ); }; };
		26B887AE298CFE0700A24428 /* Detail.docc in Sources */ = {isa = PBXBuildFile; fileRef = 26B887AD298CFE0700A24428 /* Detail.docc */; };
		26B887AF298CFE0700A24428 /* Detail.h in Headers */ = {isa = PBXBuildFile; fileRef = 26B887AC298CFE0700A24428 /* Detail.h */; settings = {ATTRIBUTES = (Public, ); }; };
		4E1C49FB03754960284D1FAF /* Pods_Locale_Detail.framework in Frameworks */ = {isa = PBXBuildFile; fileRef = F7D848FC7F1FA8D4FE887C2E /* Pods_Locale_Detail.framework */; };
/* End PBXBuildFile section */

/* Begin PBXCopyFilesBuildPhase section */
		26B88801298CFF9500A24428 /* Embed Frameworks */ = {
			isa = PBXCopyFilesBuildPhase;
			buildActionMask = 2147483647;
			dstPath = "";
			dstSubfolderSpec = 10;
			files = (
				18F3BB6B298E041300EBA6D2 /* Shared.framework in Embed Frameworks */,
				1806A334298F327100EDCF61 /* Core.framework in Embed Frameworks */,
			);
			name = "Embed Frameworks";
			runOnlyForDeploymentPostprocessing = 0;
		};
/* End PBXCopyFilesBuildPhase section */

/* Begin PBXFileReference section */
		1806A332298F327100EDCF61 /* Core.framework */ = {isa = PBXFileReference; explicitFileType = wrapper.framework; path = Core.framework; sourceTree = BUILT_PRODUCTS_DIR; };
		18298B80298E76650079C434 /* AnimeEntity.swift */ = {isa = PBXFileReference; lastKnownFileType = sourcecode.swift; path = AnimeEntity.swift; sourceTree = "<group>"; };
		183528B5298E069400A425FE /* AnimeMapper.swift */ = {isa = PBXFileReference; lastKnownFileType = sourcecode.swift; path = AnimeMapper.swift; sourceTree = "<group>"; };
		183528BD298E079900A425FE /* Injection.swift */ = {isa = PBXFileReference; lastKnownFileType = sourcecode.swift; path = Injection.swift; sourceTree = "<group>"; };
		183528D9298E0BB400A425FE /* RemoteDataSource.swift */ = {isa = PBXFileReference; lastKnownFileType = sourcecode.swift; path = RemoteDataSource.swift; sourceTree = "<group>"; };
		183528DD298E0C4B00A425FE /* DetailAnimeResponse.swift */ = {isa = PBXFileReference; lastKnownFileType = sourcecode.swift; path = DetailAnimeResponse.swift; sourceTree = "<group>"; };
		183528E9298E138900A425FE /* LocaleDataSource.swift */ = {isa = PBXFileReference; lastKnownFileType = sourcecode.swift; path = LocaleDataSource.swift; sourceTree = "<group>"; };
		1882667C298DD46D004BACF0 /* DetailInteractor.swift */ = {isa = PBXFileReference; fileEncoding = 4; lastKnownFileType = sourcecode.swift; path = DetailInteractor.swift; sourceTree = "<group>"; };
		1882667E298DD47B004BACF0 /* DetailViewController.swift */ = {isa = PBXFileReference; fileEncoding = 4; lastKnownFileType = sourcecode.swift; path = DetailViewController.swift; sourceTree = "<group>"; };
		1882667F298DD47B004BACF0 /* DetailModuleBuilder.swift */ = {isa = PBXFileReference; fileEncoding = 4; lastKnownFileType = sourcecode.swift; path = DetailModuleBuilder.swift; sourceTree = "<group>"; };
		18826680298DD47B004BACF0 /* DetailPresenter.swift */ = {isa = PBXFileReference; fileEncoding = 4; lastKnownFileType = sourcecode.swift; path = DetailPresenter.swift; sourceTree = "<group>"; };
		1882668F298DD840004BACF0 /* AnimeRepository.swift */ = {isa = PBXFileReference; lastKnownFileType = sourcecode.swift; path = AnimeRepository.swift; sourceTree = "<group>"; };
		18F3BB59298DFF5D00EBA6D2 /* DetailAnimeModel.swift */ = {isa = PBXFileReference; fileEncoding = 4; lastKnownFileType = sourcecode.swift; path = DetailAnimeModel.swift; sourceTree = "<group>"; };
		18F3BB69298E041300EBA6D2 /* Shared.framework */ = {isa = PBXFileReference; explicitFileType = wrapper.framework; path = Shared.framework; sourceTree = BUILT_PRODUCTS_DIR; };
		26B887A9298CFE0700A24428 /* Detail.framework */ = {isa = PBXFileReference; explicitFileType = wrapper.framework; includeInIndex = 0; path = Detail.framework; sourceTree = BUILT_PRODUCTS_DIR; };
		26B887AC298CFE0700A24428 /* Detail.h */ = {isa = PBXFileReference; lastKnownFileType = sourcecode.c.h; path = Detail.h; sourceTree = "<group>"; };
		26B887AD298CFE0700A24428 /* Detail.docc */ = {isa = PBXFileReference; lastKnownFileType = folder.documentationcatalog; path = Detail.docc; sourceTree = "<group>"; };
		26B887FE298CFF9500A24428 /* Core.framework */ = {isa = PBXFileReference; explicitFileType = wrapper.framework; path = Core.framework; sourceTree = BUILT_PRODUCTS_DIR; };
		4566E75D45D8EFE702CEC2B8 /* Pods-Detail.release.xcconfig */ = {isa = PBXFileReference; includeInIndex = 1; lastKnownFileType = text.xcconfig; name = "Pods-Detail.release.xcconfig"; path = "Target Support Files/Pods-Detail/Pods-Detail.release.xcconfig"; sourceTree = "<group>"; };
		79B62A22C41FDD9E9FE47AEA /* Pods-Locale-Detail.release.xcconfig */ = {isa = PBXFileReference; includeInIndex = 1; lastKnownFileType = text.xcconfig; name = "Pods-Locale-Detail.release.xcconfig"; path = "Target Support Files/Pods-Locale-Detail/Pods-Locale-Detail.release.xcconfig"; sourceTree = "<group>"; };
		A5A39CEFB1A92AF726F776A0 /* Pods-Locale-Detail.debug.xcconfig */ = {isa = PBXFileReference; includeInIndex = 1; lastKnownFileType = text.xcconfig; name = "Pods-Locale-Detail.debug.xcconfig"; path = "Target Support Files/Pods-Locale-Detail/Pods-Locale-Detail.debug.xcconfig"; sourceTree = "<group>"; };
		CCC92065DF3A0186F2CDD0B3 /* Pods-Detail.debug.xcconfig */ = {isa = PBXFileReference; includeInIndex = 1; lastKnownFileType = text.xcconfig; name = "Pods-Detail.debug.xcconfig"; path = "Target Support Files/Pods-Detail/Pods-Detail.debug.xcconfig"; sourceTree = "<group>"; };
		F7D848FC7F1FA8D4FE887C2E /* Pods_Locale_Detail.framework */ = {isa = PBXFileReference; explicitFileType = wrapper.framework; includeInIndex = 0; path = Pods_Locale_Detail.framework; sourceTree = BUILT_PRODUCTS_DIR; };
/* End PBXFileReference section */

/* Begin PBXFrameworksBuildPhase section */
		26B887A6298CFE0700A24428 /* Frameworks */ = {
			isa = PBXFrameworksBuildPhase;
			buildActionMask = 2147483647;
			files = (
				18F3BB6A298E041300EBA6D2 /* Shared.framework in Frameworks */,
				1806A333298F327100EDCF61 /* Core.framework in Frameworks */,
				4E1C49FB03754960284D1FAF /* Pods_Locale_Detail.framework in Frameworks */,
			);
			runOnlyForDeploymentPostprocessing = 0;
		};
/* End PBXFrameworksBuildPhase section */

/* Begin PBXGroup section */
		18298B7F298E76510079C434 /* Entity */ = {
			isa = PBXGroup;
			children = (
				18298B80298E76650079C434 /* AnimeEntity.swift */,
			);
			path = Entity;
			sourceTree = "<group>";
		};
		183528B4298E068600A425FE /* Mapper */ = {
			isa = PBXGroup;
			children = (
				183528B5298E069400A425FE /* AnimeMapper.swift */,
			);
			path = Mapper;
			sourceTree = "<group>";
		};
		183528D7298E0BA100A425FE /* Remote */ = {
			isa = PBXGroup;
			children = (
				183528D8298E0BA600A425FE /* Response */,
				183528D9298E0BB400A425FE /* RemoteDataSource.swift */,
			);
			path = Remote;
			sourceTree = "<group>";
		};
		183528D8298E0BA600A425FE /* Response */ = {
			isa = PBXGroup;
			children = (
				183528DD298E0C4B00A425FE /* DetailAnimeResponse.swift */,
			);
			path = Response;
			sourceTree = "<group>";
		};
		183528E7298E137800A425FE /* Locale */ = {
			isa = PBXGroup;
			children = (
				18298B7F298E76510079C434 /* Entity */,
				183528E9298E138900A425FE /* LocaleDataSource.swift */,
			);
			path = Locale;
			sourceTree = "<group>";
		};
		18826674298DCF2E004BACF0 /* Presentation */ = {
			isa = PBXGroup;
			children = (
				1882667F298DD47B004BACF0 /* DetailModuleBuilder.swift */,
				18826680298DD47B004BACF0 /* DetailPresenter.swift */,
				1882667E298DD47B004BACF0 /* DetailViewController.swift */,
			);
			path = Presentation;
			sourceTree = "<group>";
		};
		18826676298DCF42004BACF0 /* Domain */ = {
			isa = PBXGroup;
			children = (
				18826684298DD488004BACF0 /* Model */,
				1882667B298DD437004BACF0 /* Use Case */,
			);
			name = Domain;
			path = "/Users/apple/Documents/dicoding/ios-expert/dicoding-ios-expert/Detail/Detail/Domain";
			sourceTree = "<absolute>";
		};
		1882667B298DD437004BACF0 /* Use Case */ = {
			isa = PBXGroup;
			children = (
				1882667C298DD46D004BACF0 /* DetailInteractor.swift */,
			);
			path = "Use Case";
			sourceTree = "<group>";
		};
		18826684298DD488004BACF0 /* Model */ = {
			isa = PBXGroup;
			children = (
				18F3BB59298DFF5D00EBA6D2 /* DetailAnimeModel.swift */,
			);
			path = Model;
			sourceTree = "<group>";
		};
		1882668C298DD578004BACF0 /* Data */ = {
			isa = PBXGroup;
			children = (
				183528E7298E137800A425FE /* Locale */,
				183528D7298E0BA100A425FE /* Remote */,
				1882668F298DD840004BACF0 /* AnimeRepository.swift */,
			);
			path = Data;
			sourceTree = "<group>";
		};
		18826691298DD87A004BACF0 /* DI */ = {
			isa = PBXGroup;
			children = (
				183528BD298E079900A425FE /* Injection.swift */,
			);
			path = DI;
			sourceTree = "<group>";
		};
		18826692298DD881004BACF0 /* Utils */ = {
			isa = PBXGroup;
			children = (
				183528B4298E068600A425FE /* Mapper */,
			);
			path = Utils;
			sourceTree = "<group>";
		};
		26B8879F298CFE0700A24428 = {
			isa = PBXGroup;
			children = (
				26B887AB298CFE0700A24428 /* Detail */,
				26B887AA298CFE0700A24428 /* Products */,
				6EBB5BDA8B6DBC39373E9EF8 /* Pods */,
				B0A98FB36AE8EB4492CDBED6 /* Frameworks */,
			);
			sourceTree = "<group>";
		};
		26B887AA298CFE0700A24428 /* Products */ = {
			isa = PBXGroup;
			children = (
				26B887A9298CFE0700A24428 /* Detail.framework */,
			);
			name = Products;
			sourceTree = "<group>";
		};
		26B887AB298CFE0700A24428 /* Detail */ = {
			isa = PBXGroup;
			children = (
				18826692298DD881004BACF0 /* Utils */,
				18826691298DD87A004BACF0 /* DI */,
				1882668C298DD578004BACF0 /* Data */,
				18826676298DCF42004BACF0 /* Domain */,
				18826674298DCF2E004BACF0 /* Presentation */,
				26B887AC298CFE0700A24428 /* Detail.h */,
				26B887AD298CFE0700A24428 /* Detail.docc */,
			);
			path = Detail;
			sourceTree = "<group>";
		};
		6EBB5BDA8B6DBC39373E9EF8 /* Pods */ = {
			isa = PBXGroup;
			children = (
				CCC92065DF3A0186F2CDD0B3 /* Pods-Detail.debug.xcconfig */,
				4566E75D45D8EFE702CEC2B8 /* Pods-Detail.release.xcconfig */,
				A5A39CEFB1A92AF726F776A0 /* Pods-Locale-Detail.debug.xcconfig */,
				79B62A22C41FDD9E9FE47AEA /* Pods-Locale-Detail.release.xcconfig */,
			);
			name = Pods;
			path = ../App/Pods;
			sourceTree = "<group>";
		};
		B0A98FB36AE8EB4492CDBED6 /* Frameworks */ = {
			isa = PBXGroup;
			children = (
				1806A332298F327100EDCF61 /* Core.framework */,
				18F3BB69298E041300EBA6D2 /* Shared.framework */,
				26B887FE298CFF9500A24428 /* Core.framework */,
				F7D848FC7F1FA8D4FE887C2E /* Pods_Locale_Detail.framework */,
			);
			name = Frameworks;
			sourceTree = "<group>";
		};
/* End PBXGroup section */

/* Begin PBXHeadersBuildPhase section */
		26B887A4298CFE0700A24428 /* Headers */ = {
			isa = PBXHeadersBuildPhase;
			buildActionMask = 2147483647;
			files = (
				26B887AF298CFE0700A24428 /* Detail.h in Headers */,
			);
			runOnlyForDeploymentPostprocessing = 0;
		};
/* End PBXHeadersBuildPhase section */

/* Begin PBXNativeTarget section */
		26B887A8298CFE0700A24428 /* Detail */ = {
			isa = PBXNativeTarget;
			buildConfigurationList = 26B887B2298CFE0700A24428 /* Build configuration list for PBXNativeTarget "Detail" */;
			buildPhases = (
				0CD5FB4987DEF2A9010A7324 /* [CP] Check Pods Manifest.lock */,
				26B887A4298CFE0700A24428 /* Headers */,
				26B887A5298CFE0700A24428 /* Sources */,
				26B887A6298CFE0700A24428 /* Frameworks */,
				26B887A7298CFE0700A24428 /* Resources */,
				26B88801298CFF9500A24428 /* Embed Frameworks */,
				18826657298D312E004BACF0 /* Run Script */,
			);
			buildRules = (
			);
			dependencies = (
			);
			name = Detail;
			productName = Detail;
			productReference = 26B887A9298CFE0700A24428 /* Detail.framework */;
			productType = "com.apple.product-type.framework";
		};
/* End PBXNativeTarget section */

/* Begin PBXProject section */
		26B887A0298CFE0700A24428 /* Project object */ = {
			isa = PBXProject;
			attributes = {
				BuildIndependentTargetsInParallel = 1;
				LastUpgradeCheck = 1420;
				TargetAttributes = {
					26B887A8298CFE0700A24428 = {
						CreatedOnToolsVersion = 14.2;
					};
				};
			};
			buildConfigurationList = 26B887A3298CFE0700A24428 /* Build configuration list for PBXProject "Detail" */;
			compatibilityVersion = "Xcode 14.0";
			developmentRegion = en;
			hasScannedForEncodings = 0;
			knownRegions = (
				en,
				Base,
			);
			mainGroup = 26B8879F298CFE0700A24428;
			productRefGroup = 26B887AA298CFE0700A24428 /* Products */;
			projectDirPath = "";
			projectRoot = "";
			targets = (
				26B887A8298CFE0700A24428 /* Detail */,
			);
		};
/* End PBXProject section */

/* Begin PBXResourcesBuildPhase section */
		26B887A7298CFE0700A24428 /* Resources */ = {
			isa = PBXResourcesBuildPhase;
			buildActionMask = 2147483647;
			files = (
			);
			runOnlyForDeploymentPostprocessing = 0;
		};
/* End PBXResourcesBuildPhase section */

/* Begin PBXShellScriptBuildPhase section */
		0CD5FB4987DEF2A9010A7324 /* [CP] Check Pods Manifest.lock */ = {
			isa = PBXShellScriptBuildPhase;
			buildActionMask = 2147483647;
			files = (
			);
			inputFileListPaths = (
			);
			inputPaths = (
				"${PODS_PODFILE_DIR_PATH}/Podfile.lock",
				"${PODS_ROOT}/Manifest.lock",
			);
			name = "[CP] Check Pods Manifest.lock";
			outputFileListPaths = (
			);
			outputPaths = (
				"$(DERIVED_FILE_DIR)/Pods-Locale-Detail-checkManifestLockResult.txt",
			);
			runOnlyForDeploymentPostprocessing = 0;
			shellPath = /bin/sh;
			shellScript = "diff \"${PODS_PODFILE_DIR_PATH}/Podfile.lock\" \"${PODS_ROOT}/Manifest.lock\" > /dev/null\nif [ $? != 0 ] ; then\n    # print error to STDERR\n    echo \"error: The sandbox is not in sync with the Podfile.lock. Run 'pod install' or update your CocoaPods installation.\" >&2\n    exit 1\nfi\n# This output is used by Xcode 'outputs' to avoid re-running this script phase.\necho \"SUCCESS\" > \"${SCRIPT_OUTPUT_FILE_0}\"\n";
			showEnvVarsInLog = 0;
		};
		18826657298D312E004BACF0 /* Run Script */ = {
			isa = PBXShellScriptBuildPhase;
			buildActionMask = 2147483647;
			files = (
			);
			inputFileListPaths = (
			);
			inputPaths = (
			);
			name = "Run Script";
			outputFileListPaths = (
			);
			outputPaths = (
			);
			runOnlyForDeploymentPostprocessing = 0;
			shellPath = /bin/sh;
			shellScript = "# Type a script or drag a script file from your workspace to insert its path.\nif which swiftlint >/dev/null; then \n    swiftlint 'Detail'\nelse \n    echo \"warning: SwiftLint not installed, download from https://github.com/realm/SwiftLint\" \nfi\n";
		};
/* End PBXShellScriptBuildPhase section */

/* Begin PBXSourcesBuildPhase section */
		26B887A5298CFE0700A24428 /* Sources */ = {
			isa = PBXSourcesBuildPhase;
			buildActionMask = 2147483647;
			files = (
				183528EA298E138900A425FE /* LocaleDataSource.swift in Sources */,
				18826682298DD47B004BACF0 /* DetailModuleBuilder.swift in Sources */,
				18826681298DD47B004BACF0 /* DetailViewController.swift in Sources */,
				26B887AE298CFE0700A24428 /* Detail.docc in Sources */,
				183528B6298E069400A425FE /* AnimeMapper.swift in Sources */,
				18826690298DD840004BACF0 /* AnimeRepository.swift in Sources */,
				18826683298DD47B004BACF0 /* DetailPresenter.swift in Sources */,
				183528DA298E0BB400A425FE /* RemoteDataSource.swift in Sources */,
				183528BE298E079900A425FE /* Injection.swift in Sources */,
				18298B81298E76650079C434 /* AnimeEntity.swift in Sources */,
				183528DE298E0C4B00A425FE /* DetailAnimeResponse.swift in Sources */,
				1882667D298DD46D004BACF0 /* DetailInteractor.swift in Sources */,
				18F3BB5A298DFF5D00EBA6D2 /* DetailAnimeModel.swift in Sources */,
			);
			runOnlyForDeploymentPostprocessing = 0;
		};
/* End PBXSourcesBuildPhase section */

/* Begin XCBuildConfiguration section */
		26B887B0298CFE0700A24428 /* Debug */ = {
			isa = XCBuildConfiguration;
			buildSettings = {
				ALWAYS_SEARCH_USER_PATHS = NO;
				CLANG_ANALYZER_NONNULL = YES;
				CLANG_ANALYZER_NUMBER_OBJECT_CONVERSION = YES_AGGRESSIVE;
				CLANG_CXX_LANGUAGE_STANDARD = "gnu++20";
				CLANG_ENABLE_MODULES = YES;
				CLANG_ENABLE_OBJC_ARC = YES;
				CLANG_ENABLE_OBJC_WEAK = YES;
				CLANG_WARN_BLOCK_CAPTURE_AUTORELEASING = YES;
				CLANG_WARN_BOOL_CONVERSION = YES;
				CLANG_WARN_COMMA = YES;
				CLANG_WARN_CONSTANT_CONVERSION = YES;
				CLANG_WARN_DEPRECATED_OBJC_IMPLEMENTATIONS = YES;
				CLANG_WARN_DIRECT_OBJC_ISA_USAGE = YES_ERROR;
				CLANG_WARN_DOCUMENTATION_COMMENTS = YES;
				CLANG_WARN_EMPTY_BODY = YES;
				CLANG_WARN_ENUM_CONVERSION = YES;
				CLANG_WARN_INFINITE_RECURSION = YES;
				CLANG_WARN_INT_CONVERSION = YES;
				CLANG_WARN_NON_LITERAL_NULL_CONVERSION = YES;
				CLANG_WARN_OBJC_IMPLICIT_RETAIN_SELF = YES;
				CLANG_WARN_OBJC_LITERAL_CONVERSION = YES;
				CLANG_WARN_OBJC_ROOT_CLASS = YES_ERROR;
				CLANG_WARN_QUOTED_INCLUDE_IN_FRAMEWORK_HEADER = YES;
				CLANG_WARN_RANGE_LOOP_ANALYSIS = YES;
				CLANG_WARN_STRICT_PROTOTYPES = YES;
				CLANG_WARN_SUSPICIOUS_MOVE = YES;
				CLANG_WARN_UNGUARDED_AVAILABILITY = YES_AGGRESSIVE;
				CLANG_WARN_UNREACHABLE_CODE = YES;
				CLANG_WARN__DUPLICATE_METHOD_MATCH = YES;
				COPY_PHASE_STRIP = NO;
				CURRENT_PROJECT_VERSION = 1;
				DEBUG_INFORMATION_FORMAT = dwarf;
				ENABLE_STRICT_OBJC_MSGSEND = YES;
				ENABLE_TESTABILITY = YES;
				GCC_C_LANGUAGE_STANDARD = gnu11;
				GCC_DYNAMIC_NO_PIC = NO;
				GCC_NO_COMMON_BLOCKS = YES;
				GCC_OPTIMIZATION_LEVEL = 0;
				GCC_PREPROCESSOR_DEFINITIONS = (
					"DEBUG=1",
					"$(inherited)",
				);
				GCC_WARN_64_TO_32_BIT_CONVERSION = YES;
				GCC_WARN_ABOUT_RETURN_TYPE = YES_ERROR;
				GCC_WARN_UNDECLARED_SELECTOR = YES;
				GCC_WARN_UNINITIALIZED_AUTOS = YES_AGGRESSIVE;
				GCC_WARN_UNUSED_FUNCTION = YES;
				GCC_WARN_UNUSED_VARIABLE = YES;
				IPHONEOS_DEPLOYMENT_TARGET = 16.2;
				MTL_ENABLE_DEBUG_INFO = INCLUDE_SOURCE;
				MTL_FAST_MATH = YES;
				ONLY_ACTIVE_ARCH = YES;
				SDKROOT = iphoneos;
				SWIFT_ACTIVE_COMPILATION_CONDITIONS = DEBUG;
				SWIFT_OPTIMIZATION_LEVEL = "-Onone";
				VERSIONING_SYSTEM = "apple-generic";
				VERSION_INFO_PREFIX = "";
			};
			name = Debug;
		};
		26B887B1298CFE0700A24428 /* Release */ = {
			isa = XCBuildConfiguration;
			buildSettings = {
				ALWAYS_SEARCH_USER_PATHS = NO;
				CLANG_ANALYZER_NONNULL = YES;
				CLANG_ANALYZER_NUMBER_OBJECT_CONVERSION = YES_AGGRESSIVE;
				CLANG_CXX_LANGUAGE_STANDARD = "gnu++20";
				CLANG_ENABLE_MODULES = YES;
				CLANG_ENABLE_OBJC_ARC = YES;
				CLANG_ENABLE_OBJC_WEAK = YES;
				CLANG_WARN_BLOCK_CAPTURE_AUTORELEASING = YES;
				CLANG_WARN_BOOL_CONVERSION = YES;
				CLANG_WARN_COMMA = YES;
				CLANG_WARN_CONSTANT_CONVERSION = YES;
				CLANG_WARN_DEPRECATED_OBJC_IMPLEMENTATIONS = YES;
				CLANG_WARN_DIRECT_OBJC_ISA_USAGE = YES_ERROR;
				CLANG_WARN_DOCUMENTATION_COMMENTS = YES;
				CLANG_WARN_EMPTY_BODY = YES;
				CLANG_WARN_ENUM_CONVERSION = YES;
				CLANG_WARN_INFINITE_RECURSION = YES;
				CLANG_WARN_INT_CONVERSION = YES;
				CLANG_WARN_NON_LITERAL_NULL_CONVERSION = YES;
				CLANG_WARN_OBJC_IMPLICIT_RETAIN_SELF = YES;
				CLANG_WARN_OBJC_LITERAL_CONVERSION = YES;
				CLANG_WARN_OBJC_ROOT_CLASS = YES_ERROR;
				CLANG_WARN_QUOTED_INCLUDE_IN_FRAMEWORK_HEADER = YES;
				CLANG_WARN_RANGE_LOOP_ANALYSIS = YES;
				CLANG_WARN_STRICT_PROTOTYPES = YES;
				CLANG_WARN_SUSPICIOUS_MOVE = YES;
				CLANG_WARN_UNGUARDED_AVAILABILITY = YES_AGGRESSIVE;
				CLANG_WARN_UNREACHABLE_CODE = YES;
				CLANG_WARN__DUPLICATE_METHOD_MATCH = YES;
				COPY_PHASE_STRIP = NO;
				CURRENT_PROJECT_VERSION = 1;
				DEBUG_INFORMATION_FORMAT = "dwarf-with-dsym";
				ENABLE_NS_ASSERTIONS = NO;
				ENABLE_STRICT_OBJC_MSGSEND = YES;
				GCC_C_LANGUAGE_STANDARD = gnu11;
				GCC_NO_COMMON_BLOCKS = YES;
				GCC_WARN_64_TO_32_BIT_CONVERSION = YES;
				GCC_WARN_ABOUT_RETURN_TYPE = YES_ERROR;
				GCC_WARN_UNDECLARED_SELECTOR = YES;
				GCC_WARN_UNINITIALIZED_AUTOS = YES_AGGRESSIVE;
				GCC_WARN_UNUSED_FUNCTION = YES;
				GCC_WARN_UNUSED_VARIABLE = YES;
				IPHONEOS_DEPLOYMENT_TARGET = 16.2;
				MTL_ENABLE_DEBUG_INFO = NO;
				MTL_FAST_MATH = YES;
				SDKROOT = iphoneos;
				SWIFT_COMPILATION_MODE = wholemodule;
				SWIFT_OPTIMIZATION_LEVEL = "-O";
				VALIDATE_PRODUCT = YES;
				VERSIONING_SYSTEM = "apple-generic";
				VERSION_INFO_PREFIX = "";
			};
			name = Release;
		};
		26B887B3298CFE0700A24428 /* Debug */ = {
			isa = XCBuildConfiguration;
			baseConfigurationReference = A5A39CEFB1A92AF726F776A0 /* Pods-Locale-Detail.debug.xcconfig */;
			buildSettings = {
				CODE_SIGN_STYLE = Automatic;
				CURRENT_PROJECT_VERSION = 1;
				DEFINES_MODULE = YES;
				DYLIB_COMPATIBILITY_VERSION = 1;
				DYLIB_CURRENT_VERSION = 1;
				DYLIB_INSTALL_NAME_BASE = "@rpath";
				GENERATE_INFOPLIST_FILE = YES;
				INFOPLIST_KEY_NSHumanReadableCopyright = "";
				INSTALL_PATH = "$(LOCAL_LIBRARY_DIR)/Frameworks";
				LD_RUNPATH_SEARCH_PATHS = (
					"$(inherited)",
					"@executable_path/Frameworks",
					"@loader_path/Frameworks",
				);
				MARKETING_VERSION = 1.0;
				PRODUCT_BUNDLE_IDENTIFIER = com.codetron.Detail;
				PRODUCT_NAME = "$(TARGET_NAME:c99extidentifier)";
				SKIP_INSTALL = YES;
				SWIFT_EMIT_LOC_STRINGS = YES;
				SWIFT_VERSION = 5.0;
				TARGETED_DEVICE_FAMILY = "1,2";
			};
			name = Debug;
		};
		26B887B4298CFE0700A24428 /* Release */ = {
			isa = XCBuildConfiguration;
			baseConfigurationReference = 79B62A22C41FDD9E9FE47AEA /* Pods-Locale-Detail.release.xcconfig */;
			buildSettings = {
				CODE_SIGN_STYLE = Automatic;
				CURRENT_PROJECT_VERSION = 1;
				DEFINES_MODULE = YES;
				DYLIB_COMPATIBILITY_VERSION = 1;
				DYLIB_CURRENT_VERSION = 1;
				DYLIB_INSTALL_NAME_BASE = "@rpath";
				GENERATE_INFOPLIST_FILE = YES;
				INFOPLIST_KEY_NSHumanReadableCopyright = "";
				INSTALL_PATH = "$(LOCAL_LIBRARY_DIR)/Frameworks";
				LD_RUNPATH_SEARCH_PATHS = (
					"$(inherited)",
					"@executable_path/Frameworks",
					"@loader_path/Frameworks",
				);
				MARKETING_VERSION = 1.0;
				PRODUCT_BUNDLE_IDENTIFIER = com.codetron.Detail;
				PRODUCT_NAME = "$(TARGET_NAME:c99extidentifier)";
				SKIP_INSTALL = YES;
				SWIFT_EMIT_LOC_STRINGS = YES;
				SWIFT_VERSION = 5.0;
				TARGETED_DEVICE_FAMILY = "1,2";
			};
			name = Release;
		};
/* End XCBuildConfiguration section */

/* Begin XCConfigurationList section */
		26B887A3298CFE0700A24428 /* Build configuration list for PBXProject "Detail" */ = {
			isa = XCConfigurationList;
			buildConfigurations = (
				26B887B0298CFE0700A24428 /* Debug */,
				26B887B1298CFE0700A24428 /* Release */,
			);
			defaultConfigurationIsVisible = 0;
			defaultConfigurationName = Release;
		};
		26B887B2298CFE0700A24428 /* Build configuration list for PBXNativeTarget "Detail" */ = {
			isa = XCConfigurationList;
			buildConfigurations = (
				26B887B3298CFE0700A24428 /* Debug */,
				26B887B4298CFE0700A24428 /* Release */,
			);
			defaultConfigurationIsVisible = 0;
			defaultConfigurationName = Release;
		};
/* End XCConfigurationList section */
	};
	rootObject = 26B887A0298CFE0700A24428 /* Project object */;
}
